
Microsoft Visual Studio Solution File, Format Version 12.00
Project("{FAE04EC0-301F-11D3-BF4B-00C04F79EFBC}") = "WorkshopVisitsApi", "WorkshopVisitsApi\WorkshopVisitsApi.csproj", "{98E852B8-41B5-43C6-8BEF-9201CB2CA8DA}"
EndProject
Global
	GlobalSection(SolutionConfigurationPlatforms) = preSolution
		Debug|Any CPU = Debug|Any CPU
		Release|Any CPU = Release|Any CPU
	EndGlobalSection
	GlobalSection(ProjectConfigurationPlatforms) = postSolution
		{98E852B8-41B5-43C6-8BEF-9201CB2CA8DA}.Debug|Any CPU.ActiveCfg = Debug|Any CPU
		{98E852B8-41B5-43C6-8BEF-9201CB2CA8DA}.Debug|Any CPU.Build.0 = Debug|Any CPU
		{98E852B8-41B5-43C6-8BEF-9201CB2CA8DA}.Release|Any CPU.ActiveCfg = Release|Any CPU
		{98E852B8-41B5-43C6-8BEF-9201CB2CA8DA}.Release|Any CPU.Build.0 = Release|Any CPU
	EndGlobalSection
EndGlobal
